
Microsoft Visual Studio Solution File, Format Version 12.00
# Visual Studio Version 16
VisualStudioVersion = 16.0.33328.57
MinimumVisualStudioVersion = 10.0.40219.1
Project("{9A19103F-16F7-4668-BE54-9A1E7A4F7556}") = "GosiPractice", "GosiPractice\GosiPractice.csproj", "{03A7BBBC-80AE-460B-8A28-3AED20005DF4}"
EndProject
Project("{2150E333-8FDC-42A3-9474-1A3956D46DE8}") = "LinkedList", "LinkedList", "{1706EF61-46AD-431F-9BDD-19B3E2832FE4}"
EndProject
Project("{9A19103F-16F7-4668-BE54-9A1E7A4F7556}") = "LinkedList", "LinkedList\LinkedList.csproj", "{862B88A3-9980-431E-91A0-6B3D5CFEE9C8}"
EndProject
Project("{2150E333-8FDC-42A3-9474-1A3956D46DE8}") = "BinaryTree", "BinaryTree", "{325328E2-E322-4D02-94E4-45C2FAA1919E}"
EndProject
Project("{9A19103F-16F7-4668-BE54-9A1E7A4F7556}") = "BinaryTree", "BinaryTree\BinaryTree.csproj", "{2A5240A1-FFC0-4E1B-A6E1-0E311EF6C489}"
EndProject
Project("{2150E333-8FDC-42A3-9474-1A3956D46DE8}") = "CircularDoubleLinkedList", "CircularDoubleLinkedList", "{95D64F18-0F24-4CB5-8A40-771A7A2AB6A8}"
EndProject
Project("{9A19103F-16F7-4668-BE54-9A1E7A4F7556}") = "CircularDoubleLinkedList", "CircularDoubleLinkedList\CircularDoubleLinkedList.csproj", "{BCBD7EB4-E768-45CC-97CB-96D27DD2FA6A}"
EndProject
Project("{2150E333-8FDC-42A3-9474-1A3956D46DE8}") = "CircularLinkedList", "CircularLinkedList", "{8F2E3FD5-06A0-490A-8DE9-EF305F7D01AA}"
EndProject
Project("{9A19103F-16F7-4668-BE54-9A1E7A4F7556}") = "CircularLinkedList", "CircularLinkedList\CircularLinkedList.csproj", "{BC1DF366-6C14-49B3-8296-2DB8EDC4D5DF}"
EndProject
Project("{2150E333-8FDC-42A3-9474-1A3956D46DE8}") = "CountingSort", "CountingSort", "{CDE0276B-D2F1-4A4A-9C92-F5D9D7150E5A}"
EndProject
Project("{9A19103F-16F7-4668-BE54-9A1E7A4F7556}") = "CountingSort", "CountingSort\CountingSort.csproj", "{77F68BCA-CA04-478D-8245-AFE0E9F146B1}"
EndProject
Project("{2150E333-8FDC-42A3-9474-1A3956D46DE8}") = "dbLinkedList", "dbLinkedList", "{B99CB108-A24C-4FDF-B8B9-13700A7706AB}"
EndProject
Project("{9A19103F-16F7-4668-BE54-9A1E7A4F7556}") = "dbLinkedList", "dbLinkedList\dbLinkedList.csproj", "{768CED92-2CDA-4DC6-A07B-4E6C3D134A10}"
EndProject
Project("{2150E333-8FDC-42A3-9474-1A3956D46DE8}") = "GnomeSort", "GnomeSort", "{48ECED18-8846-4471-95B0-1E6D5869C923}"
EndProject
Project("{9A19103F-16F7-4668-BE54-9A1E7A4F7556}") = "GnomeSort", "GnomeSort\GnomeSort.csproj", "{B1A9D8F5-A1F7-4226-B4D7-0945A1A65BCC}"
EndProject
Project("{2150E333-8FDC-42A3-9474-1A3956D46DE8}") = "MergeSort", "MergeSort", "{1279EFBC-9405-46CF-8D07-4611DA21C394}"
EndProject
Project("{9A19103F-16F7-4668-BE54-9A1E7A4F7556}") = "MergeSort", "MergeSort\MergeSort.csproj", "{42CDDC5F-B6D8-4F49-95B9-6406DF626C73}"
EndProject
Project("{2150E333-8FDC-42A3-9474-1A3956D46DE8}") = "QuickSort", "QuickSort", "{4A4825F2-47A2-4F24-BF3E-01BAEC3C23EE}"
EndProject
Project("{9A19103F-16F7-4668-BE54-9A1E7A4F7556}") = "QuickSort", "QuickSort\QuickSort.csproj", "{2C45D866-C72B-44E2-AD23-957BDB48B376}"
EndProject
Project("{2150E333-8FDC-42A3-9474-1A3956D46DE8}") = "RadixSort", "RadixSort", "{FC2B0B96-0719-4D95-8325-A2E2E45DDA7A}"
EndProject
Project("{9A19103F-16F7-4668-BE54-9A1E7A4F7556}") = "RadixSort", "RadixSort\RadixSort.csproj", "{23B6CAE4-98AF-4D7D-A107-AFD8E8AD4CE5}"
EndProject
Project("{2150E333-8FDC-42A3-9474-1A3956D46DE8}") = "Graph", "Graph", "{83040C0F-CD4F-450B-987F-CA0A63569A4C}"
EndProject
Project("{9A19103F-16F7-4668-BE54-9A1E7A4F7556}") = "Graph", "Graph\Graph.csproj", "{85B81CEB-2E87-47D8-9CDB-06E30295F0A3}"
EndProject
Project("{2150E333-8FDC-42A3-9474-1A3956D46DE8}") = "GosyTP", "GosyTP", "{5303B4CD-338D-4A88-BF6A-42A08913A560}"
EndProject
Project("{9A19103F-16F7-4668-BE54-9A1E7A4F7556}") = "TP", "TP\TP.csproj", "{B1884C3F-C1E7-4B05-A830-F485A2A5A549}"
EndProject
Project("{2150E333-8FDC-42A3-9474-1A3956D46DE8}") = "ControlTestMain", "ControlTestMain", "{E9840F01-132D-41DE-8FAD-1B296FD2157F}"
EndProject
Project("{FAE04EC0-301F-11D3-BF4B-00C04F79EFBC}") = "MainTest", "MainTest\MainTest.csproj", "{356E8D2E-EDF2-4195-9B44-4BCF7B28DE6E}"
EndProject
Global
	GlobalSection(SolutionConfigurationPlatforms) = preSolution
		Debug|Any CPU = Debug|Any CPU
		Release|Any CPU = Release|Any CPU
	EndGlobalSection
	GlobalSection(ProjectConfigurationPlatforms) = postSolution
		{03A7BBBC-80AE-460B-8A28-3AED20005DF4}.Debug|Any CPU.ActiveCfg = Debug|Any CPU
		{03A7BBBC-80AE-460B-8A28-3AED20005DF4}.Debug|Any CPU.Build.0 = Debug|Any CPU
		{03A7BBBC-80AE-460B-8A28-3AED20005DF4}.Release|Any CPU.ActiveCfg = Release|Any CPU
		{03A7BBBC-80AE-460B-8A28-3AED20005DF4}.Release|Any CPU.Build.0 = Release|Any CPU
		{862B88A3-9980-431E-91A0-6B3D5CFEE9C8}.Debug|Any CPU.ActiveCfg = Debug|Any CPU
		{862B88A3-9980-431E-91A0-6B3D5CFEE9C8}.Debug|Any CPU.Build.0 = Debug|Any CPU
		{862B88A3-9980-431E-91A0-6B3D5CFEE9C8}.Release|Any CPU.ActiveCfg = Release|Any CPU
		{862B88A3-9980-431E-91A0-6B3D5CFEE9C8}.Release|Any CPU.Build.0 = Release|Any CPU
		{2A5240A1-FFC0-4E1B-A6E1-0E311EF6C489}.Debug|Any CPU.ActiveCfg = Debug|Any CPU
		{2A5240A1-FFC0-4E1B-A6E1-0E311EF6C489}.Debug|Any CPU.Build.0 = Debug|Any CPU
		{2A5240A1-FFC0-4E1B-A6E1-0E311EF6C489}.Release|Any CPU.ActiveCfg = Release|Any CPU
		{2A5240A1-FFC0-4E1B-A6E1-0E311EF6C489}.Release|Any CPU.Build.0 = Release|Any CPU
		{BCBD7EB4-E768-45CC-97CB-96D27DD2FA6A}.Debug|Any CPU.ActiveCfg = Debug|Any CPU
		{BCBD7EB4-E768-45CC-97CB-96D27DD2FA6A}.Debug|Any CPU.Build.0 = Debug|Any CPU
		{BCBD7EB4-E768-45CC-97CB-96D27DD2FA6A}.Release|Any CPU.ActiveCfg = Release|Any CPU
		{BCBD7EB4-E768-45CC-97CB-96D27DD2FA6A}.Release|Any CPU.Build.0 = Release|Any CPU
		{BC1DF366-6C14-49B3-8296-2DB8EDC4D5DF}.Debug|Any CPU.ActiveCfg = Debug|Any CPU
		{BC1DF366-6C14-49B3-8296-2DB8EDC4D5DF}.Debug|Any CPU.Build.0 = Debug|Any CPU
		{BC1DF366-6C14-49B3-8296-2DB8EDC4D5DF}.Release|Any CPU.ActiveCfg = Release|Any CPU
		{BC1DF366-6C14-49B3-8296-2DB8EDC4D5DF}.Release|Any CPU.Build.0 = Release|Any CPU
		{77F68BCA-CA04-478D-8245-AFE0E9F146B1}.Debug|Any CPU.ActiveCfg = Debug|Any CPU
		{77F68BCA-CA04-478D-8245-AFE0E9F146B1}.Debug|Any CPU.Build.0 = Debug|Any CPU
		{77F68BCA-CA04-478D-8245-AFE0E9F146B1}.Release|Any CPU.ActiveCfg = Release|Any CPU
		{77F68BCA-CA04-478D-8245-AFE0E9F146B1}.Release|Any CPU.Build.0 = Release|Any CPU
		{768CED92-2CDA-4DC6-A07B-4E6C3D134A10}.Debug|Any CPU.ActiveCfg = Debug|Any CPU
		{768CED92-2CDA-4DC6-A07B-4E6C3D134A10}.Debug|Any CPU.Build.0 = Debug|Any CPU
		{768CED92-2CDA-4DC6-A07B-4E6C3D134A10}.Release|Any CPU.ActiveCfg = Release|Any CPU
		{768CED92-2CDA-4DC6-A07B-4E6C3D134A10}.Release|Any CPU.Build.0 = Release|Any CPU
		{B1A9D8F5-A1F7-4226-B4D7-0945A1A65BCC}.Debug|Any CPU.ActiveCfg = Debug|Any CPU
		{B1A9D8F5-A1F7-4226-B4D7-0945A1A65BCC}.Debug|Any CPU.Build.0 = Debug|Any CPU
		{B1A9D8F5-A1F7-4226-B4D7-0945A1A65BCC}.Release|Any CPU.ActiveCfg = Release|Any CPU
		{B1A9D8F5-A1F7-4226-B4D7-0945A1A65BCC}.Release|Any CPU.Build.0 = Release|Any CPU
		{42CDDC5F-B6D8-4F49-95B9-6406DF626C73}.Debug|Any CPU.ActiveCfg = Debug|Any CPU
		{42CDDC5F-B6D8-4F49-95B9-6406DF626C73}.Debug|Any CPU.Build.0 = Debug|Any CPU
		{42CDDC5F-B6D8-4F49-95B9-6406DF626C73}.Release|Any CPU.ActiveCfg = Release|Any CPU
		{42CDDC5F-B6D8-4F49-95B9-6406DF626C73}.Release|Any CPU.Build.0 = Release|Any CPU
		{2C45D866-C72B-44E2-AD23-957BDB48B376}.Debug|Any CPU.ActiveCfg = Debug|Any CPU
		{2C45D866-C72B-44E2-AD23-957BDB48B376}.Debug|Any CPU.Build.0 = Debug|Any CPU
		{2C45D866-C72B-44E2-AD23-957BDB48B376}.Release|Any CPU.ActiveCfg = Release|Any CPU
		{2C45D866-C72B-44E2-AD23-957BDB48B376}.Release|Any CPU.Build.0 = Release|Any CPU
		{23B6CAE4-98AF-4D7D-A107-AFD8E8AD4CE5}.Debug|Any CPU.ActiveCfg = Debug|Any CPU
		{23B6CAE4-98AF-4D7D-A107-AFD8E8AD4CE5}.Debug|Any CPU.Build.0 = Debug|Any CPU
		{23B6CAE4-98AF-4D7D-A107-AFD8E8AD4CE5}.Release|Any CPU.ActiveCfg = Release|Any CPU
		{23B6CAE4-98AF-4D7D-A107-AFD8E8AD4CE5}.Release|Any CPU.Build.0 = Release|Any CPU
		{85B81CEB-2E87-47D8-9CDB-06E30295F0A3}.Debug|Any CPU.ActiveCfg = Debug|Any CPU
		{85B81CEB-2E87-47D8-9CDB-06E30295F0A3}.Debug|Any CPU.Build.0 = Debug|Any CPU
		{85B81CEB-2E87-47D8-9CDB-06E30295F0A3}.Release|Any CPU.ActiveCfg = Release|Any CPU
		{85B81CEB-2E87-47D8-9CDB-06E30295F0A3}.Release|Any CPU.Build.0 = Release|Any CPU
		{B1884C3F-C1E7-4B05-A830-F485A2A5A549}.Debug|Any CPU.ActiveCfg = Debug|Any CPU
		{B1884C3F-C1E7-4B05-A830-F485A2A5A549}.Debug|Any CPU.Build.0 = Debug|Any CPU
		{B1884C3F-C1E7-4B05-A830-F485A2A5A549}.Release|Any CPU.ActiveCfg = Release|Any CPU
		{B1884C3F-C1E7-4B05-A830-F485A2A5A549}.Release|Any CPU.Build.0 = Release|Any CPU
		{356E8D2E-EDF2-4195-9B44-4BCF7B28DE6E}.Debug|Any CPU.ActiveCfg = Debug|Any CPU
		{356E8D2E-EDF2-4195-9B44-4BCF7B28DE6E}.Debug|Any CPU.Build.0 = Debug|Any CPU
		{356E8D2E-EDF2-4195-9B44-4BCF7B28DE6E}.Release|Any CPU.ActiveCfg = Release|Any CPU
		{356E8D2E-EDF2-4195-9B44-4BCF7B28DE6E}.Release|Any CPU.Build.0 = Release|Any CPU
	EndGlobalSection
	GlobalSection(SolutionProperties) = preSolution
		HideSolutionNode = FALSE
	EndGlobalSection
	GlobalSection(NestedProjects) = preSolution
		{862B88A3-9980-431E-91A0-6B3D5CFEE9C8} = {1706EF61-46AD-431F-9BDD-19B3E2832FE4}
		{2A5240A1-FFC0-4E1B-A6E1-0E311EF6C489} = {325328E2-E322-4D02-94E4-45C2FAA1919E}
		{BCBD7EB4-E768-45CC-97CB-96D27DD2FA6A} = {95D64F18-0F24-4CB5-8A40-771A7A2AB6A8}
		{BC1DF366-6C14-49B3-8296-2DB8EDC4D5DF} = {8F2E3FD5-06A0-490A-8DE9-EF305F7D01AA}
		{77F68BCA-CA04-478D-8245-AFE0E9F146B1} = {CDE0276B-D2F1-4A4A-9C92-F5D9D7150E5A}
		{768CED92-2CDA-4DC6-A07B-4E6C3D134A10} = {B99CB108-A24C-4FDF-B8B9-13700A7706AB}
		{B1A9D8F5-A1F7-4226-B4D7-0945A1A65BCC} = {48ECED18-8846-4471-95B0-1E6D5869C923}
		{42CDDC5F-B6D8-4F49-95B9-6406DF626C73} = {1279EFBC-9405-46CF-8D07-4611DA21C394}
		{2C45D866-C72B-44E2-AD23-957BDB48B376} = {4A4825F2-47A2-4F24-BF3E-01BAEC3C23EE}
		{23B6CAE4-98AF-4D7D-A107-AFD8E8AD4CE5} = {FC2B0B96-0719-4D95-8325-A2E2E45DDA7A}
		{85B81CEB-2E87-47D8-9CDB-06E30295F0A3} = {83040C0F-CD4F-450B-987F-CA0A63569A4C}
		{B1884C3F-C1E7-4B05-A830-F485A2A5A549} = {5303B4CD-338D-4A88-BF6A-42A08913A560}
		{356E8D2E-EDF2-4195-9B44-4BCF7B28DE6E} = {E9840F01-132D-41DE-8FAD-1B296FD2157F}
	EndGlobalSection
	GlobalSection(ExtensibilityGlobals) = postSolution
		SolutionGuid = {3A36BFDD-248C-404C-9F1E-C418F7E0C833}
	EndGlobalSection
EndGlobal
